{
  "version": 4,
  "terraform_version": "0.12.8",
  "serial": 1,
  "lineage": "63bb589a-a729-939c-583e-ce9923fdcd9f",
  "outputs": {},
  "resources": [
    {
      "mode": "managed",
      "type": "aws_secretsmanager_secret",
      "name": "uki-dev-sm-mi4cc-avaya-connection-info",
      "provider": "provider.aws",
      "instances": [
        {
          "schema_version": 0,
          "attributes": {
            "arn": "arn:aws:secretsmanager:us-west-2:320132909094:secret:uki-dev-sm-mi4cc-avaya-connection-info-6HPJRT",
            "description": "",
            "id": "arn:aws:secretsmanager:us-west-2:320132909094:secret:uki-dev-sm-mi4cc-avaya-connection-info-6HPJRT",
            "kms_key_id": "",
            "name": "uki-dev-sm-mi4cc-avaya-connection-info",
            "name_prefix": null,
            "policy": null,
            "recovery_window_in_days": 30,
            "rotation_enabled": false,
            "rotation_lambda_arn": "",
            "rotation_rules": [],
            "tags": null
          },
          "private": "bnVsbA=="
        }
      ]
    }
  ]
}
